
Microsoft Visual Studio Solution File, Format Version 12.00
# Visual Studio Version 17
VisualStudioVersion = 17.10.34916.146
MinimumVisualStudioVersion = 10.0.40219.1
Project("{FAE04EC0-301F-11D3-BF4B-00C04F79EFBC}") = "ITMO.ADO.NET124-28", "ITMO.ADO.NET124-28.csproj", "{C55C3D1C-BC70-4390-B1D2-05E62D740EF7}"
EndProject
Project("{2150E333-8FDC-42A3-9474-1A3956D46DE8}") = "Task01", "Task01", "{3F6E4D53-6325-4D06-BFAB-62FAF431BFBD}"
EndProject
Project("{FAE04EC0-301F-11D3-BF4B-00C04F79EFBC}") = "Task01.3", "Task01\Task01.3\Task01.3.csproj", "{05929706-2DDB-4F8E-92F1-0DBBE5A60E67}"
EndProject
Project("{FAE04EC0-301F-11D3-BF4B-00C04F79EFBC}") = "Task01.2", "Task01\Task01.2\Task01.2.csproj", "{EC66C872-9283-4DB0-A003-9F1A4CB22670}"
EndProject
Project("{FAE04EC0-301F-11D3-BF4B-00C04F79EFBC}") = "Task01.4", "Task01\Task01.4\Task01.4.csproj", "{6B74FFEE-4AA4-4CA3-BEEA-D9959B082803}"
EndProject
Project("{FAE04EC0-301F-11D3-BF4B-00C04F79EFBC}") = "Task01.5", "Task01\Task01.5\Task01.5.csproj", "{AF12BEC3-A9B7-4D9D-9173-D3ADAC32317C}"
EndProject
Project("{2150E333-8FDC-42A3-9474-1A3956D46DE8}") = "Task02", "Task02", "{2B3E2FB2-B8F9-4239-A1DD-D3FCD51D0BE4}"
EndProject
Project("{FAE04EC0-301F-11D3-BF4B-00C04F79EFBC}") = "Task02.1", "Task02\Task02.1\Task02.1.csproj", "{187F290A-F7B7-4E65-8B82-B3197DC0E402}"
EndProject
Project("{FAE04EC0-301F-11D3-BF4B-00C04F79EFBC}") = "Task02.2", "Task02\Task02.2\Task02.2.csproj", "{29241CC3-913A-48E9-A29F-433F77DF3521}"
EndProject
Project("{FAE04EC0-301F-11D3-BF4B-00C04F79EFBC}") = "Task02.3", "Task02\Task02.3\Task02.3.csproj", "{821F2249-C725-4C6F-9681-0E473C99B6BC}"
EndProject
Project("{2150E333-8FDC-42A3-9474-1A3956D46DE8}") = "Task03", "Task03", "{0EA82C52-0F87-4C00-878F-307A211FFDC6}"
EndProject
Project("{FAE04EC0-301F-11D3-BF4B-00C04F79EFBC}") = "Task03.1", "Task03\Task03.1\Task03.1.csproj", "{3140CD5E-0515-4B95-B49E-5CF2CD944EC9}"
EndProject
Project("{2150E333-8FDC-42A3-9474-1A3956D46DE8}") = "Task04", "Task04", "{46FAF6D6-13A5-437E-BA40-2E831386AC61}"
EndProject
Project("{FAE04EC0-301F-11D3-BF4B-00C04F79EFBC}") = "Task04.1", "Task04\Task04.1\Task04.1.csproj", "{23F44723-6EBB-4F62-9325-E7DEB8900F20}"
EndProject
Project("{FAE04EC0-301F-11D3-BF4B-00C04F79EFBC}") = "Task04.2", "Task04\Task04.2\Task04.2.csproj", "{56019AAD-60C6-4D27-A8C0-DED0EE71FA51}"
EndProject
Project("{FAE04EC0-301F-11D3-BF4B-00C04F79EFBC}") = "Task04.3", "Task04\Task04.3\Task04.3.csproj", "{EFA069C0-0FB0-4A43-9908-33D79F76F316}"
EndProject
Project("{FAE04EC0-301F-11D3-BF4B-00C04F79EFBC}") = "Task04.4", "Task04\Task04.4\Task04.4.csproj", "{EE60A75C-7224-4C07-8D1A-754936F25960}"
EndProject
Project("{FAE04EC0-301F-11D3-BF4B-00C04F79EFBC}") = "Task04.5", "Task04\Task04.5\Task04.5.csproj", "{ACF0068C-B93A-409B-B29F-D3BE5AEECDE7}"
EndProject
Project("{FAE04EC0-301F-11D3-BF4B-00C04F79EFBC}") = "Task04.6", "Task04\Task04.6\Task04.6.csproj", "{ED4F8F4D-2AEA-450A-BB16-48159D84FD29}"
EndProject
Project("{2150E333-8FDC-42A3-9474-1A3956D46DE8}") = "Task05", "Task05", "{E057234D-D9BA-48B3-8745-7A04AB42DA22}"
EndProject
Project("{FAE04EC0-301F-11D3-BF4B-00C04F79EFBC}") = "Task05.1", "Task05\Task05.1\Task05.1.csproj", "{A718F5E1-98C2-4B0A-9CE4-7690EE8AA182}"
EndProject
Project("{FAE04EC0-301F-11D3-BF4B-00C04F79EFBC}") = "Task05.2", "Task05\Task05.2\Task05.2.csproj", "{D95855F0-7BC8-44E7-9125-27F34A11712C}"
EndProject
Project("{FAE04EC0-301F-11D3-BF4B-00C04F79EFBC}") = "Task05.3", "Task05\Task05.3\Task05.3.csproj", "{B3DDF5D0-FB62-4CBE-8820-1942718D371A}"
EndProject
Project("{FAE04EC0-301F-11D3-BF4B-00C04F79EFBC}") = "Task05.4", "Task05\Task05.4\Task05.4.csproj", "{DAF6B5A3-6224-422F-93ED-B8E453FD24A8}"
EndProject
Project("{2150E333-8FDC-42A3-9474-1A3956D46DE8}") = "Task07", "Task07", "{9F784B32-C3CB-4A90-9E83-7DAD7D073A9A}"
EndProject
Project("{FAE04EC0-301F-11D3-BF4B-00C04F79EFBC}") = "Task07.1", "Task07\Task07.1\Task07.1.csproj", "{DC62AC45-6065-42B5-8B40-8DF6ED6E044A}"
EndProject
Project("{FAE04EC0-301F-11D3-BF4B-00C04F79EFBC}") = "Task07.2", "Task07\Task07.2\Task07.2.csproj", "{33DDA7A8-D6E7-4F1B-A0AB-FA7DEA7F50BA}"
EndProject
Project("{FAE04EC0-301F-11D3-BF4B-00C04F79EFBC}") = "Task07.3", "Task07\Task07.3\Task07.3.csproj", "{E81A4BEF-4B11-4A3B-AB50-1FA026481732}"
EndProject
Project("{FAE04EC0-301F-11D3-BF4B-00C04F79EFBC}") = "Task07.3_1", "Task07\Task07.3.1\Task07.3_1.csproj", "{A234438C-5E06-4432-B85B-BADAAEE8E51F}"
EndProject
Project("{2150E333-8FDC-42A3-9474-1A3956D46DE8}") = "Task09", "Task09", "{80086F93-DA8D-4697-B6AC-35D69DE7449E}"
EndProject
Project("{FAE04EC0-301F-11D3-BF4B-00C04F79EFBC}") = "Task09.01", "Task09\Task09.1\Task09.01.csproj", "{02E3CE60-44BD-4609-B038-939C5FDCD226}"
EndProject
Project("{FAE04EC0-301F-11D3-BF4B-00C04F79EFBC}") = "Task09.1.CodeFirst", "Task09\Task09.1.CodeFirst\Task09.1.CodeFirst.csproj", "{9E95870C-A698-46C7-98AA-BF5ECB33A3DE}"
EndProject
Project("{FAE04EC0-301F-11D3-BF4B-00C04F79EFBC}") = "Task09.3", "Task09\Task09.3\Task09.3.csproj", "{212627DA-1CA1-42A8-94A9-4C4B7DF33AF7}"
EndProject
Project("{2150E333-8FDC-42A3-9474-1A3956D46DE8}") = "FinalTask", "FinalTask", "{8131AFEB-F362-4988-A3BE-680FF1278879}"
EndProject
Project("{FAE04EC0-301F-11D3-BF4B-00C04F79EFBC}") = "FinalTask", "FinalTask\FinalTask.csproj", "{4136EF68-0D33-43CD-A7DA-A0E594FEB895}"
EndProject
Global
	GlobalSection(SolutionConfigurationPlatforms) = preSolution
		Debug|Any CPU = Debug|Any CPU
		Release|Any CPU = Release|Any CPU
	EndGlobalSection
	GlobalSection(ProjectConfigurationPlatforms) = postSolution
		{C55C3D1C-BC70-4390-B1D2-05E62D740EF7}.Debug|Any CPU.ActiveCfg = Debug|Any CPU
		{C55C3D1C-BC70-4390-B1D2-05E62D740EF7}.Debug|Any CPU.Build.0 = Debug|Any CPU
		{C55C3D1C-BC70-4390-B1D2-05E62D740EF7}.Release|Any CPU.ActiveCfg = Release|Any CPU
		{C55C3D1C-BC70-4390-B1D2-05E62D740EF7}.Release|Any CPU.Build.0 = Release|Any CPU
		{05929706-2DDB-4F8E-92F1-0DBBE5A60E67}.Debug|Any CPU.ActiveCfg = Debug|Any CPU
		{05929706-2DDB-4F8E-92F1-0DBBE5A60E67}.Debug|Any CPU.Build.0 = Debug|Any CPU
		{05929706-2DDB-4F8E-92F1-0DBBE5A60E67}.Release|Any CPU.ActiveCfg = Release|Any CPU
		{05929706-2DDB-4F8E-92F1-0DBBE5A60E67}.Release|Any CPU.Build.0 = Release|Any CPU
		{EC66C872-9283-4DB0-A003-9F1A4CB22670}.Debug|Any CPU.ActiveCfg = Debug|Any CPU
		{EC66C872-9283-4DB0-A003-9F1A4CB22670}.Debug|Any CPU.Build.0 = Debug|Any CPU
		{EC66C872-9283-4DB0-A003-9F1A4CB22670}.Release|Any CPU.ActiveCfg = Release|Any CPU
		{EC66C872-9283-4DB0-A003-9F1A4CB22670}.Release|Any CPU.Build.0 = Release|Any CPU
		{6B74FFEE-4AA4-4CA3-BEEA-D9959B082803}.Debug|Any CPU.ActiveCfg = Debug|Any CPU
		{6B74FFEE-4AA4-4CA3-BEEA-D9959B082803}.Debug|Any CPU.Build.0 = Debug|Any CPU
		{6B74FFEE-4AA4-4CA3-BEEA-D9959B082803}.Release|Any CPU.ActiveCfg = Release|Any CPU
		{6B74FFEE-4AA4-4CA3-BEEA-D9959B082803}.Release|Any CPU.Build.0 = Release|Any CPU
		{AF12BEC3-A9B7-4D9D-9173-D3ADAC32317C}.Debug|Any CPU.ActiveCfg = Debug|Any CPU
		{AF12BEC3-A9B7-4D9D-9173-D3ADAC32317C}.Debug|Any CPU.Build.0 = Debug|Any CPU
		{AF12BEC3-A9B7-4D9D-9173-D3ADAC32317C}.Release|Any CPU.ActiveCfg = Release|Any CPU
		{AF12BEC3-A9B7-4D9D-9173-D3ADAC32317C}.Release|Any CPU.Build.0 = Release|Any CPU
		{187F290A-F7B7-4E65-8B82-B3197DC0E402}.Debug|Any CPU.ActiveCfg = Debug|Any CPU
		{187F290A-F7B7-4E65-8B82-B3197DC0E402}.Debug|Any CPU.Build.0 = Debug|Any CPU
		{187F290A-F7B7-4E65-8B82-B3197DC0E402}.Release|Any CPU.ActiveCfg = Release|Any CPU
		{187F290A-F7B7-4E65-8B82-B3197DC0E402}.Release|Any CPU.Build.0 = Release|Any CPU
		{29241CC3-913A-48E9-A29F-433F77DF3521}.Debug|Any CPU.ActiveCfg = Debug|Any CPU
		{29241CC3-913A-48E9-A29F-433F77DF3521}.Debug|Any CPU.Build.0 = Debug|Any CPU
		{29241CC3-913A-48E9-A29F-433F77DF3521}.Release|Any CPU.ActiveCfg = Release|Any CPU
		{29241CC3-913A-48E9-A29F-433F77DF3521}.Release|Any CPU.Build.0 = Release|Any CPU
		{821F2249-C725-4C6F-9681-0E473C99B6BC}.Debug|Any CPU.ActiveCfg = Debug|Any CPU
		{821F2249-C725-4C6F-9681-0E473C99B6BC}.Debug|Any CPU.Build.0 = Debug|Any CPU
		{821F2249-C725-4C6F-9681-0E473C99B6BC}.Release|Any CPU.ActiveCfg = Release|Any CPU
		{821F2249-C725-4C6F-9681-0E473C99B6BC}.Release|Any CPU.Build.0 = Release|Any CPU
		{3140CD5E-0515-4B95-B49E-5CF2CD944EC9}.Debug|Any CPU.ActiveCfg = Debug|Any CPU
		{3140CD5E-0515-4B95-B49E-5CF2CD944EC9}.Debug|Any CPU.Build.0 = Debug|Any CPU
		{3140CD5E-0515-4B95-B49E-5CF2CD944EC9}.Release|Any CPU.ActiveCfg = Release|Any CPU
		{3140CD5E-0515-4B95-B49E-5CF2CD944EC9}.Release|Any CPU.Build.0 = Release|Any CPU
		{23F44723-6EBB-4F62-9325-E7DEB8900F20}.Debug|Any CPU.ActiveCfg = Debug|Any CPU
		{23F44723-6EBB-4F62-9325-E7DEB8900F20}.Debug|Any CPU.Build.0 = Debug|Any CPU
		{23F44723-6EBB-4F62-9325-E7DEB8900F20}.Release|Any CPU.ActiveCfg = Release|Any CPU
		{23F44723-6EBB-4F62-9325-E7DEB8900F20}.Release|Any CPU.Build.0 = Release|Any CPU
		{56019AAD-60C6-4D27-A8C0-DED0EE71FA51}.Debug|Any CPU.ActiveCfg = Debug|Any CPU
		{56019AAD-60C6-4D27-A8C0-DED0EE71FA51}.Debug|Any CPU.Build.0 = Debug|Any CPU
		{56019AAD-60C6-4D27-A8C0-DED0EE71FA51}.Release|Any CPU.ActiveCfg = Release|Any CPU
		{56019AAD-60C6-4D27-A8C0-DED0EE71FA51}.Release|Any CPU.Build.0 = Release|Any CPU
		{EFA069C0-0FB0-4A43-9908-33D79F76F316}.Debug|Any CPU.ActiveCfg = Debug|Any CPU
		{EFA069C0-0FB0-4A43-9908-33D79F76F316}.Debug|Any CPU.Build.0 = Debug|Any CPU
		{EFA069C0-0FB0-4A43-9908-33D79F76F316}.Release|Any CPU.ActiveCfg = Release|Any CPU
		{EFA069C0-0FB0-4A43-9908-33D79F76F316}.Release|Any CPU.Build.0 = Release|Any CPU
		{EE60A75C-7224-4C07-8D1A-754936F25960}.Debug|Any CPU.ActiveCfg = Debug|Any CPU
		{EE60A75C-7224-4C07-8D1A-754936F25960}.Debug|Any CPU.Build.0 = Debug|Any CPU
		{EE60A75C-7224-4C07-8D1A-754936F25960}.Release|Any CPU.ActiveCfg = Release|Any CPU
		{EE60A75C-7224-4C07-8D1A-754936F25960}.Release|Any CPU.Build.0 = Release|Any CPU
		{ACF0068C-B93A-409B-B29F-D3BE5AEECDE7}.Debug|Any CPU.ActiveCfg = Debug|Any CPU
		{ACF0068C-B93A-409B-B29F-D3BE5AEECDE7}.Debug|Any CPU.Build.0 = Debug|Any CPU
		{ACF0068C-B93A-409B-B29F-D3BE5AEECDE7}.Release|Any CPU.ActiveCfg = Release|Any CPU
		{ACF0068C-B93A-409B-B29F-D3BE5AEECDE7}.Release|Any CPU.Build.0 = Release|Any CPU
		{ED4F8F4D-2AEA-450A-BB16-48159D84FD29}.Debug|Any CPU.ActiveCfg = Debug|Any CPU
		{ED4F8F4D-2AEA-450A-BB16-48159D84FD29}.Debug|Any CPU.Build.0 = Debug|Any CPU
		{ED4F8F4D-2AEA-450A-BB16-48159D84FD29}.Release|Any CPU.ActiveCfg = Release|Any CPU
		{ED4F8F4D-2AEA-450A-BB16-48159D84FD29}.Release|Any CPU.Build.0 = Release|Any CPU
		{A718F5E1-98C2-4B0A-9CE4-7690EE8AA182}.Debug|Any CPU.ActiveCfg = Debug|Any CPU
		{A718F5E1-98C2-4B0A-9CE4-7690EE8AA182}.Debug|Any CPU.Build.0 = Debug|Any CPU
		{A718F5E1-98C2-4B0A-9CE4-7690EE8AA182}.Release|Any CPU.ActiveCfg = Release|Any CPU
		{A718F5E1-98C2-4B0A-9CE4-7690EE8AA182}.Release|Any CPU.Build.0 = Release|Any CPU
		{D95855F0-7BC8-44E7-9125-27F34A11712C}.Debug|Any CPU.ActiveCfg = Debug|Any CPU
		{D95855F0-7BC8-44E7-9125-27F34A11712C}.Debug|Any CPU.Build.0 = Debug|Any CPU
		{D95855F0-7BC8-44E7-9125-27F34A11712C}.Release|Any CPU.ActiveCfg = Release|Any CPU
		{D95855F0-7BC8-44E7-9125-27F34A11712C}.Release|Any CPU.Build.0 = Release|Any CPU
		{B3DDF5D0-FB62-4CBE-8820-1942718D371A}.Debug|Any CPU.ActiveCfg = Debug|Any CPU
		{B3DDF5D0-FB62-4CBE-8820-1942718D371A}.Debug|Any CPU.Build.0 = Debug|Any CPU
		{B3DDF5D0-FB62-4CBE-8820-1942718D371A}.Release|Any CPU.ActiveCfg = Release|Any CPU
		{B3DDF5D0-FB62-4CBE-8820-1942718D371A}.Release|Any CPU.Build.0 = Release|Any CPU
		{DAF6B5A3-6224-422F-93ED-B8E453FD24A8}.Debug|Any CPU.ActiveCfg = Debug|Any CPU
		{DAF6B5A3-6224-422F-93ED-B8E453FD24A8}.Debug|Any CPU.Build.0 = Debug|Any CPU
		{DAF6B5A3-6224-422F-93ED-B8E453FD24A8}.Release|Any CPU.ActiveCfg = Release|Any CPU
		{DAF6B5A3-6224-422F-93ED-B8E453FD24A8}.Release|Any CPU.Build.0 = Release|Any CPU
		{DC62AC45-6065-42B5-8B40-8DF6ED6E044A}.Debug|Any CPU.ActiveCfg = Debug|Any CPU
		{DC62AC45-6065-42B5-8B40-8DF6ED6E044A}.Debug|Any CPU.Build.0 = Debug|Any CPU
		{DC62AC45-6065-42B5-8B40-8DF6ED6E044A}.Release|Any CPU.ActiveCfg = Release|Any CPU
		{DC62AC45-6065-42B5-8B40-8DF6ED6E044A}.Release|Any CPU.Build.0 = Release|Any CPU
		{33DDA7A8-D6E7-4F1B-A0AB-FA7DEA7F50BA}.Debug|Any CPU.ActiveCfg = Debug|Any CPU
		{33DDA7A8-D6E7-4F1B-A0AB-FA7DEA7F50BA}.Debug|Any CPU.Build.0 = Debug|Any CPU
		{33DDA7A8-D6E7-4F1B-A0AB-FA7DEA7F50BA}.Release|Any CPU.ActiveCfg = Release|Any CPU
		{33DDA7A8-D6E7-4F1B-A0AB-FA7DEA7F50BA}.Release|Any CPU.Build.0 = Release|Any CPU
		{E81A4BEF-4B11-4A3B-AB50-1FA026481732}.Debug|Any CPU.ActiveCfg = Debug|Any CPU
		{E81A4BEF-4B11-4A3B-AB50-1FA026481732}.Debug|Any CPU.Build.0 = Debug|Any CPU
		{E81A4BEF-4B11-4A3B-AB50-1FA026481732}.Release|Any CPU.ActiveCfg = Release|Any CPU
		{E81A4BEF-4B11-4A3B-AB50-1FA026481732}.Release|Any CPU.Build.0 = Release|Any CPU
		{A234438C-5E06-4432-B85B-BADAAEE8E51F}.Debug|Any CPU.ActiveCfg = Debug|Any CPU
		{A234438C-5E06-4432-B85B-BADAAEE8E51F}.Debug|Any CPU.Build.0 = Debug|Any CPU
		{A234438C-5E06-4432-B85B-BADAAEE8E51F}.Release|Any CPU.ActiveCfg = Release|Any CPU
		{A234438C-5E06-4432-B85B-BADAAEE8E51F}.Release|Any CPU.Build.0 = Release|Any CPU
		{02E3CE60-44BD-4609-B038-939C5FDCD226}.Debug|Any CPU.ActiveCfg = Debug|Any CPU
		{02E3CE60-44BD-4609-B038-939C5FDCD226}.Debug|Any CPU.Build.0 = Debug|Any CPU
		{02E3CE60-44BD-4609-B038-939C5FDCD226}.Release|Any CPU.ActiveCfg = Release|Any CPU
		{02E3CE60-44BD-4609-B038-939C5FDCD226}.Release|Any CPU.Build.0 = Release|Any CPU
		{9E95870C-A698-46C7-98AA-BF5ECB33A3DE}.Debug|Any CPU.ActiveCfg = Debug|Any CPU
		{9E95870C-A698-46C7-98AA-BF5ECB33A3DE}.Debug|Any CPU.Build.0 = Debug|Any CPU
		{9E95870C-A698-46C7-98AA-BF5ECB33A3DE}.Release|Any CPU.ActiveCfg = Release|Any CPU
		{9E95870C-A698-46C7-98AA-BF5ECB33A3DE}.Release|Any CPU.Build.0 = Release|Any CPU
		{212627DA-1CA1-42A8-94A9-4C4B7DF33AF7}.Debug|Any CPU.ActiveCfg = Debug|Any CPU
		{212627DA-1CA1-42A8-94A9-4C4B7DF33AF7}.Debug|Any CPU.Build.0 = Debug|Any CPU
		{212627DA-1CA1-42A8-94A9-4C4B7DF33AF7}.Release|Any CPU.ActiveCfg = Release|Any CPU
		{212627DA-1CA1-42A8-94A9-4C4B7DF33AF7}.Release|Any CPU.Build.0 = Release|Any CPU
		{4136EF68-0D33-43CD-A7DA-A0E594FEB895}.Debug|Any CPU.ActiveCfg = Debug|Any CPU
		{4136EF68-0D33-43CD-A7DA-A0E594FEB895}.Debug|Any CPU.Build.0 = Debug|Any CPU
		{4136EF68-0D33-43CD-A7DA-A0E594FEB895}.Release|Any CPU.ActiveCfg = Release|Any CPU
		{4136EF68-0D33-43CD-A7DA-A0E594FEB895}.Release|Any CPU.Build.0 = Release|Any CPU
	EndGlobalSection
	GlobalSection(SolutionProperties) = preSolution
		HideSolutionNode = FALSE
	EndGlobalSection
	GlobalSection(NestedProjects) = preSolution
		{05929706-2DDB-4F8E-92F1-0DBBE5A60E67} = {3F6E4D53-6325-4D06-BFAB-62FAF431BFBD}
		{EC66C872-9283-4DB0-A003-9F1A4CB22670} = {3F6E4D53-6325-4D06-BFAB-62FAF431BFBD}
		{6B74FFEE-4AA4-4CA3-BEEA-D9959B082803} = {3F6E4D53-6325-4D06-BFAB-62FAF431BFBD}
		{AF12BEC3-A9B7-4D9D-9173-D3ADAC32317C} = {3F6E4D53-6325-4D06-BFAB-62FAF431BFBD}
		{187F290A-F7B7-4E65-8B82-B3197DC0E402} = {2B3E2FB2-B8F9-4239-A1DD-D3FCD51D0BE4}
		{29241CC3-913A-48E9-A29F-433F77DF3521} = {2B3E2FB2-B8F9-4239-A1DD-D3FCD51D0BE4}
		{821F2249-C725-4C6F-9681-0E473C99B6BC} = {2B3E2FB2-B8F9-4239-A1DD-D3FCD51D0BE4}
		{3140CD5E-0515-4B95-B49E-5CF2CD944EC9} = {0EA82C52-0F87-4C00-878F-307A211FFDC6}
		{23F44723-6EBB-4F62-9325-E7DEB8900F20} = {46FAF6D6-13A5-437E-BA40-2E831386AC61}
		{56019AAD-60C6-4D27-A8C0-DED0EE71FA51} = {46FAF6D6-13A5-437E-BA40-2E831386AC61}
		{EFA069C0-0FB0-4A43-9908-33D79F76F316} = {46FAF6D6-13A5-437E-BA40-2E831386AC61}
		{EE60A75C-7224-4C07-8D1A-754936F25960} = {46FAF6D6-13A5-437E-BA40-2E831386AC61}
		{ACF0068C-B93A-409B-B29F-D3BE5AEECDE7} = {46FAF6D6-13A5-437E-BA40-2E831386AC61}
		{ED4F8F4D-2AEA-450A-BB16-48159D84FD29} = {46FAF6D6-13A5-437E-BA40-2E831386AC61}
		{A718F5E1-98C2-4B0A-9CE4-7690EE8AA182} = {E057234D-D9BA-48B3-8745-7A04AB42DA22}
		{D95855F0-7BC8-44E7-9125-27F34A11712C} = {E057234D-D9BA-48B3-8745-7A04AB42DA22}
		{B3DDF5D0-FB62-4CBE-8820-1942718D371A} = {E057234D-D9BA-48B3-8745-7A04AB42DA22}
		{DAF6B5A3-6224-422F-93ED-B8E453FD24A8} = {E057234D-D9BA-48B3-8745-7A04AB42DA22}
		{DC62AC45-6065-42B5-8B40-8DF6ED6E044A} = {9F784B32-C3CB-4A90-9E83-7DAD7D073A9A}
		{33DDA7A8-D6E7-4F1B-A0AB-FA7DEA7F50BA} = {9F784B32-C3CB-4A90-9E83-7DAD7D073A9A}
		{E81A4BEF-4B11-4A3B-AB50-1FA026481732} = {9F784B32-C3CB-4A90-9E83-7DAD7D073A9A}
		{A234438C-5E06-4432-B85B-BADAAEE8E51F} = {9F784B32-C3CB-4A90-9E83-7DAD7D073A9A}
		{02E3CE60-44BD-4609-B038-939C5FDCD226} = {80086F93-DA8D-4697-B6AC-35D69DE7449E}
		{9E95870C-A698-46C7-98AA-BF5ECB33A3DE} = {80086F93-DA8D-4697-B6AC-35D69DE7449E}
		{212627DA-1CA1-42A8-94A9-4C4B7DF33AF7} = {80086F93-DA8D-4697-B6AC-35D69DE7449E}
		{4136EF68-0D33-43CD-A7DA-A0E594FEB895} = {8131AFEB-F362-4988-A3BE-680FF1278879}
	EndGlobalSection
	GlobalSection(ExtensibilityGlobals) = postSolution
		SolutionGuid = {40376782-3ED0-41AF-A3BE-85412C12E2DB}
	EndGlobalSection
EndGlobal
